{
  "pins" : [
    {
      "identity" : "wwbarberpoleview",
      "kind" : "remoteSourceControl",
      "location" : "https://github.com/William-Weng/WWBarberPoleView",
      "state" : {
        "revision" : "d52377c04d2b4e3edb3f4380e11295944ac24aea",
        "version" : "1.2.2"
      }
    }
  ],
  "version" : 2
}
