{
  "pins" : [
    {
      "identity" : "wwprint",
      "kind" : "remoteSourceControl",
      "location" : "https://github.com/William-Weng/WWPrint",
      "state" : {
        "revision" : "8f5928f5d36624d77f8fc563fd8e31a59cfac6b6",
        "version" : "1.3.1"
      }
    },
    {
      "identity" : "wwskeletonview",
      "kind" : "remoteSourceControl",
      "location" : "https://github.com/William-Weng/WWSkeletonView",
      "state" : {
        "revision" : "068cc6ac73f415af2d592509094b6d250881590c",
        "version" : "1.0.2"
      }
    }
  ],
  "version" : 2
}
